// !$*UTF8*$!
{
	archiveVersion = 1;
	classes = {
	};
	objectVersion = 56;
	objects = {

/* Begin PBXBuildFile section */
		C11686AA29F5025800F02F7D /* Colors.swift in Sources */ = {isa = PBXBuildFile; fileRef = C11686A929F5025800F02F7D /* Colors.swift */; };
		C140072929E2A2E00029C552 /* CryptoAppApp.swift in Sources */ = {isa = PBXBuildFile; fileRef = C140072829E2A2E00029C552 /* CryptoAppApp.swift */; };
		C140072D29E2A2E20029C552 /* Assets.xcassets in Resources */ = {isa = PBXBuildFile; fileRef = C140072C29E2A2E20029C552 /* Assets.xcassets */; };
		C140073029E2A2E20029C552 /* Preview Assets.xcassets in Resources */ = {isa = PBXBuildFile; fileRef = C140072F29E2A2E20029C552 /* Preview Assets.xcassets */; };
		C140073829E2A3090029C552 /* ShopListView.swift in Sources */ = {isa = PBXBuildFile; fileRef = C140073729E2A3090029C552 /* ShopListView.swift */; };
		C140073A29E2A3390029C552 /* NewShopViewModel.swift in Sources */ = {isa = PBXBuildFile; fileRef = C140073929E2A3390029C552 /* NewShopViewModel.swift */; };
		C140074029E2B22B0029C552 /* GTWalsheimPro-Regular.ttf in Resources */ = {isa = PBXBuildFile; fileRef = C140073D29E2B22A0029C552 /* GTWalsheimPro-Regular.ttf */; };
		C140074129E2B22B0029C552 /* GTWalsheimPro-Medium.ttf in Resources */ = {isa = PBXBuildFile; fileRef = C140073E29E2B22B0029C552 /* GTWalsheimPro-Medium.ttf */; };
		C140074229E2B22B0029C552 /* GTWalsheimPro-Bold.ttf in Resources */ = {isa = PBXBuildFile; fileRef = C140073F29E2B22B0029C552 /* GTWalsheimPro-Bold.ttf */; };
		C140074529E2B59D0029C552 /* Shop.swift in Sources */ = {isa = PBXBuildFile; fileRef = C140074429E2B59D0029C552 /* Shop.swift */; };
		DB70561729EBD7CF00390B79 /* View+Extension.swift in Sources */ = {isa = PBXBuildFile; fileRef = DB70561629EBD7CF00390B79 /* View+Extension.swift */; };
		DB70561A29EBD83F00390B79 /* RoundedCorner.swift in Sources */ = {isa = PBXBuildFile; fileRef = DB70561929EBD83F00390B79 /* RoundedCorner.swift */; };
		DB70561F29EBDCB100390B79 /* KeychainWrapper.swift in Sources */ = {isa = PBXBuildFile; fileRef = DB70561D29EBDCB100390B79 /* KeychainWrapper.swift */; };
		DB70562029EBDCB100390B79 /* LocalStorage.swift in Sources */ = {isa = PBXBuildFile; fileRef = DB70561E29EBDCB100390B79 /* LocalStorage.swift */; };
		DB70562329EBDE1500390B79 /* AccountView.swift in Sources */ = {isa = PBXBuildFile; fileRef = DB70562229EBDE1500390B79 /* AccountView.swift */; };
		DB70562529EBDEE000390B79 /* NavigationBar.swift in Sources */ = {isa = PBXBuildFile; fileRef = DB70562429EBDEDF00390B79 /* NavigationBar.swift */; };
		DB70562729EBE8D100390B79 /* AccountStack.swift in Sources */ = {isa = PBXBuildFile; fileRef = DB70562629EBE8D100390B79 /* AccountStack.swift */; };
/* End PBXBuildFile section */

/* Begin PBXFileReference section */
		C11686A929F5025800F02F7D /* Colors.swift */ = {isa = PBXFileReference; fileEncoding = 4; lastKnownFileType = sourcecode.swift; path = Colors.swift; sourceTree = "<group>"; };
		C140072529E2A2E00029C552 /* CryptoApp.app */ = {isa = PBXFileReference; explicitFileType = wrapper.application; includeInIndex = 0; path = CryptoApp.app; sourceTree = BUILT_PRODUCTS_DIR; };
		C140072829E2A2E00029C552 /* CryptoAppApp.swift */ = {isa = PBXFileReference; lastKnownFileType = sourcecode.swift; path = CryptoAppApp.swift; sourceTree = "<group>"; };
		C140072C29E2A2E20029C552 /* Assets.xcassets */ = {isa = PBXFileReference; lastKnownFileType = folder.assetcatalog; path = Assets.xcassets; sourceTree = "<group>"; };
		C140072F29E2A2E20029C552 /* Preview Assets.xcassets */ = {isa = PBXFileReference; lastKnownFileType = folder.assetcatalog; path = "Preview Assets.xcassets"; sourceTree = "<group>"; };
		C140073729E2A3090029C552 /* ShopListView.swift */ = {isa = PBXFileReference; lastKnownFileType = sourcecode.swift; path = ShopListView.swift; sourceTree = "<group>"; };
		C140073929E2A3390029C552 /* NewShopViewModel.swift */ = {isa = PBXFileReference; lastKnownFileType = sourcecode.swift; path = NewShopViewModel.swift; sourceTree = "<group>"; };
		C140073D29E2B22A0029C552 /* GTWalsheimPro-Regular.ttf */ = {isa = PBXFileReference; lastKnownFileType = file; path = "GTWalsheimPro-Regular.ttf"; sourceTree = "<group>"; };
		C140073E29E2B22B0029C552 /* GTWalsheimPro-Medium.ttf */ = {isa = PBXFileReference; lastKnownFileType = file; path = "GTWalsheimPro-Medium.ttf"; sourceTree = "<group>"; };
		C140073F29E2B22B0029C552 /* GTWalsheimPro-Bold.ttf */ = {isa = PBXFileReference; lastKnownFileType = file; path = "GTWalsheimPro-Bold.ttf"; sourceTree = "<group>"; };
		C140074329E2B30C0029C552 /* Info.plist */ = {isa = PBXFileReference; lastKnownFileType = text.plist; path = Info.plist; sourceTree = "<group>"; };
		C140074429E2B59D0029C552 /* Shop.swift */ = {isa = PBXFileReference; lastKnownFileType = sourcecode.swift; path = Shop.swift; sourceTree = "<group>"; };
		DB70561629EBD7CF00390B79 /* View+Extension.swift */ = {isa = PBXFileReference; lastKnownFileType = sourcecode.swift; path = "View+Extension.swift"; sourceTree = "<group>"; };
		DB70561929EBD83F00390B79 /* RoundedCorner.swift */ = {isa = PBXFileReference; lastKnownFileType = sourcecode.swift; path = RoundedCorner.swift; sourceTree = "<group>"; };
		DB70561D29EBDCB100390B79 /* KeychainWrapper.swift */ = {isa = PBXFileReference; fileEncoding = 4; lastKnownFileType = sourcecode.swift; path = KeychainWrapper.swift; sourceTree = "<group>"; };
		DB70561E29EBDCB100390B79 /* LocalStorage.swift */ = {isa = PBXFileReference; fileEncoding = 4; lastKnownFileType = sourcecode.swift; path = LocalStorage.swift; sourceTree = "<group>"; };
		DB70562229EBDE1500390B79 /* AccountView.swift */ = {isa = PBXFileReference; lastKnownFileType = sourcecode.swift; path = AccountView.swift; sourceTree = "<group>"; };
		DB70562429EBDEDF00390B79 /* NavigationBar.swift */ = {isa = PBXFileReference; lastKnownFileType = sourcecode.swift; path = NavigationBar.swift; sourceTree = "<group>"; };
		DB70562629EBE8D100390B79 /* AccountStack.swift */ = {isa = PBXFileReference; lastKnownFileType = sourcecode.swift; path = AccountStack.swift; sourceTree = "<group>"; };
/* End PBXFileReference section */

/* Begin PBXFrameworksBuildPhase section */
		C140072229E2A2E00029C552 /* Frameworks */ = {
			isa = PBXFrameworksBuildPhase;
			buildActionMask = 2147483647;
			files = (
			);
			runOnlyForDeploymentPostprocessing = 0;
		};
/* End PBXFrameworksBuildPhase section */

/* Begin PBXGroup section */
		C11686A429F4210D00F02F7D /* Subviews */ = {
			isa = PBXGroup;
			children = (
				DB70562229EBDE1500390B79 /* AccountView.swift */,
				DB70562629EBE8D100390B79 /* AccountStack.swift */,
			);
			path = Subviews;
			sourceTree = "<group>";
		};
		C11686A829F5025800F02F7D /* Constants */ = {
			isa = PBXGroup;
			children = (
				C11686A929F5025800F02F7D /* Colors.swift */,
			);
			path = Constants;
			sourceTree = "<group>";
		};
		C140071C29E2A2E00029C552 = {
			isa = PBXGroup;
			children = (
				C140072729E2A2E00029C552 /* CryptoApp */,
				C140072629E2A2E00029C552 /* Products */,
			);
			sourceTree = "<group>";
		};
		C140072629E2A2E00029C552 /* Products */ = {
			isa = PBXGroup;
			children = (
				C140072529E2A2E00029C552 /* CryptoApp.app */,
			);
			name = Products;
			sourceTree = "<group>";
		};
		C140072729E2A2E00029C552 /* CryptoApp */ = {
			isa = PBXGroup;
			children = (
				C11686A829F5025800F02F7D /* Constants */,
				C140073B29E2B1950029C552 /* Resources */,
				C140074329E2B30C0029C552 /* Info.plist */,
				C140072829E2A2E00029C552 /* CryptoAppApp.swift */,
				C140073629E2A2F30029C552 /* Sources */,
				C140072C29E2A2E20029C552 /* Assets.xcassets */,
				C140072E29E2A2E20029C552 /* Preview Content */,
			);
			path = CryptoApp;
			sourceTree = "<group>";
		};
		C140072E29E2A2E20029C552 /* Preview Content */ = {
			isa = PBXGroup;
			children = (
				C140072F29E2A2E20029C552 /* Preview Assets.xcassets */,
			);
			path = "Preview Content";
			sourceTree = "<group>";
		};
		C140073629E2A2F30029C552 /* Sources */ = {
			isa = PBXGroup;
			children = (
				DB70562129EBDD0500390B79 /* Base */,
				DB70561B29EBD8EB00390B79 /* Scenes */,
				DB70561529EBD79200390B79 /* Extensions */,
				DB70561829EBD81E00390B79 /* Common */,
			);
			path = Sources;
			sourceTree = "<group>";
		};
		C140073B29E2B1950029C552 /* Resources */ = {
			isa = PBXGroup;
			children = (
				C140073F29E2B22B0029C552 /* GTWalsheimPro-Bold.ttf */,
				C140073E29E2B22B0029C552 /* GTWalsheimPro-Medium.ttf */,
				C140073D29E2B22A0029C552 /* GTWalsheimPro-Regular.ttf */,
			);
			path = Resources;
			sourceTree = "<group>";
		};
		DB70561529EBD79200390B79 /* Extensions */ = {
			isa = PBXGroup;
			children = (
				DB70561629EBD7CF00390B79 /* View+Extension.swift */,
			);
			path = Extensions;
			sourceTree = "<group>";
		};
		DB70561829EBD81E00390B79 /* Common */ = {
			isa = PBXGroup;
			children = (
				DB70562429EBDEDF00390B79 /* NavigationBar.swift */,
				DB70561929EBD83F00390B79 /* RoundedCorner.swift */,
			);
			path = Common;
			sourceTree = "<group>";
		};
		DB70561B29EBD8EB00390B79 /* Scenes */ = {
			isa = PBXGroup;
			children = (
				C140074429E2B59D0029C552 /* Shop.swift */,
				C140073929E2A3390029C552 /* NewShopViewModel.swift */,
				C140073729E2A3090029C552 /* ShopListView.swift */,
				C11686A429F4210D00F02F7D /* Subviews */,
			);
			path = Scenes;
			sourceTree = "<group>";
		};
		DB70562129EBDD0500390B79 /* Base */ = {
			isa = PBXGroup;
			children = (
				DB70561D29EBDCB100390B79 /* KeychainWrapper.swift */,
				DB70561E29EBDCB100390B79 /* LocalStorage.swift */,
			);
			path = Base;
			sourceTree = "<group>";
		};
/* End PBXGroup section */

/* Begin PBXNativeTarget section */
		C140072429E2A2E00029C552 /* CryptoApp */ = {
			isa = PBXNativeTarget;
			buildConfigurationList = C140073329E2A2E20029C552 /* Build configuration list for PBXNativeTarget "CryptoApp" */;
			buildPhases = (
				C140072129E2A2E00029C552 /* Sources */,
				C140072229E2A2E00029C552 /* Frameworks */,
				C140072329E2A2E00029C552 /* Resources */,
			);
			buildRules = (
			);
			dependencies = (
			);
			name = CryptoApp;
			productName = CryptoApp;
			productReference = C140072529E2A2E00029C552 /* CryptoApp.app */;
			productType = "com.apple.product-type.application";
		};
/* End PBXNativeTarget section */

/* Begin PBXProject section */
		C140071D29E2A2E00029C552 /* Project object */ = {
			isa = PBXProject;
			attributes = {
				BuildIndependentTargetsInParallel = 1;
				LastSwiftUpdateCheck = 1430;
				LastUpgradeCheck = 1430;
				TargetAttributes = {
					C140072429E2A2E00029C552 = {
						CreatedOnToolsVersion = 14.3;
					};
				};
			};
			buildConfigurationList = C140072029E2A2E00029C552 /* Build configuration list for PBXProject "CryptoApp" */;
			compatibilityVersion = "Xcode 14.0";
			developmentRegion = en;
			hasScannedForEncodings = 0;
			knownRegions = (
				en,
				Base,
			);
			mainGroup = C140071C29E2A2E00029C552;
			productRefGroup = C140072629E2A2E00029C552 /* Products */;
			projectDirPath = "";
			projectRoot = "";
			targets = (
				C140072429E2A2E00029C552 /* CryptoApp */,
			);
		};
/* End PBXProject section */

/* Begin PBXResourcesBuildPhase section */
		C140072329E2A2E00029C552 /* Resources */ = {
			isa = PBXResourcesBuildPhase;
			buildActionMask = 2147483647;
			files = (
				C140074129E2B22B0029C552 /* GTWalsheimPro-Medium.ttf in Resources */,
				C140074229E2B22B0029C552 /* GTWalsheimPro-Bold.ttf in Resources */,
				C140073029E2A2E20029C552 /* Preview Assets.xcassets in Resources */,
				C140074029E2B22B0029C552 /* GTWalsheimPro-Regular.ttf in Resources */,
				C140072D29E2A2E20029C552 /* Assets.xcassets in Resources */,
			);
			runOnlyForDeploymentPostprocessing = 0;
		};
/* End PBXResourcesBuildPhase section */

/* Begin PBXSourcesBuildPhase section */
		C140072129E2A2E00029C552 /* Sources */ = {
			isa = PBXSourcesBuildPhase;
			buildActionMask = 2147483647;
			files = (
				C140073A29E2A3390029C552 /* NewShopViewModel.swift in Sources */,
				C140073829E2A3090029C552 /* ShopListView.swift in Sources */,
				C140072929E2A2E00029C552 /* CryptoAppApp.swift in Sources */,
				DB70561F29EBDCB100390B79 /* KeychainWrapper.swift in Sources */,
				DB70561A29EBD83F00390B79 /* RoundedCorner.swift in Sources */,
				DB70562529EBDEE000390B79 /* NavigationBar.swift in Sources */,
				DB70562029EBDCB100390B79 /* LocalStorage.swift in Sources */,
				C11686AA29F5025800F02F7D /* Colors.swift in Sources */,
				DB70562329EBDE1500390B79 /* AccountView.swift in Sources */,
				C140074529E2B59D0029C552 /* Shop.swift in Sources */,
				DB70562729EBE8D100390B79 /* AccountStack.swift in Sources */,
				DB70561729EBD7CF00390B79 /* View+Extension.swift in Sources */,
			);
			runOnlyForDeploymentPostprocessing = 0;
		};
/* End PBXSourcesBuildPhase section */

/* Begin XCBuildConfiguration section */
		C140073129E2A2E20029C552 /* Debug */ = {
			isa = XCBuildConfiguration;
			buildSettings = {
				ALWAYS_SEARCH_USER_PATHS = NO;
				CLANG_ANALYZER_NONNULL = YES;
				CLANG_ANALYZER_NUMBER_OBJECT_CONVERSION = YES_AGGRESSIVE;
				CLANG_CXX_LANGUAGE_STANDARD = "gnu++20";
				CLANG_ENABLE_MODULES = YES;
				CLANG_ENABLE_OBJC_ARC = YES;
				CLANG_ENABLE_OBJC_WEAK = YES;
				CLANG_WARN_BLOCK_CAPTURE_AUTORELEASING = YES;
				CLANG_WARN_BOOL_CONVERSION = YES;
				CLANG_WARN_COMMA = YES;
				CLANG_WARN_CONSTANT_CONVERSION = YES;
				CLANG_WARN_DEPRECATED_OBJC_IMPLEMENTATIONS = YES;
				CLANG_WARN_DIRECT_OBJC_ISA_USAGE = YES_ERROR;
				CLANG_WARN_DOCUMENTATION_COMMENTS = YES;
				CLANG_WARN_EMPTY_BODY = YES;
				CLANG_WARN_ENUM_CONVERSION = YES;
				CLANG_WARN_INFINITE_RECURSION = YES;
				CLANG_WARN_INT_CONVERSION = YES;
				CLANG_WARN_NON_LITERAL_NULL_CONVERSION = YES;
				CLANG_WARN_OBJC_IMPLICIT_RETAIN_SELF = YES;
				CLANG_WARN_OBJC_LITERAL_CONVERSION = YES;
				CLANG_WARN_OBJC_ROOT_CLASS = YES_ERROR;
				CLANG_WARN_QUOTED_INCLUDE_IN_FRAMEWORK_HEADER = YES;
				CLANG_WARN_RANGE_LOOP_ANALYSIS = YES;
				CLANG_WARN_STRICT_PROTOTYPES = YES;
				CLANG_WARN_SUSPICIOUS_MOVE = YES;
				CLANG_WARN_UNGUARDED_AVAILABILITY = YES_AGGRESSIVE;
				CLANG_WARN_UNREACHABLE_CODE = YES;
				CLANG_WARN__DUPLICATE_METHOD_MATCH = YES;
				COPY_PHASE_STRIP = NO;
				DEBUG_INFORMATION_FORMAT = dwarf;
				ENABLE_STRICT_OBJC_MSGSEND = YES;
				ENABLE_TESTABILITY = YES;
				GCC_C_LANGUAGE_STANDARD = gnu11;
				GCC_DYNAMIC_NO_PIC = NO;
				GCC_NO_COMMON_BLOCKS = YES;
				GCC_OPTIMIZATION_LEVEL = 0;
				GCC_PREPROCESSOR_DEFINITIONS = (
					"DEBUG=1",
					"$(inherited)",
				);
				GCC_WARN_64_TO_32_BIT_CONVERSION = YES;
				GCC_WARN_ABOUT_RETURN_TYPE = YES_ERROR;
				GCC_WARN_UNDECLARED_SELECTOR = YES;
				GCC_WARN_UNINITIALIZED_AUTOS = YES_AGGRESSIVE;
				GCC_WARN_UNUSED_FUNCTION = YES;
				GCC_WARN_UNUSED_VARIABLE = YES;
				IPHONEOS_DEPLOYMENT_TARGET = 16.4;
				MTL_ENABLE_DEBUG_INFO = INCLUDE_SOURCE;
				MTL_FAST_MATH = YES;
				ONLY_ACTIVE_ARCH = YES;
				SDKROOT = iphoneos;
				SWIFT_ACTIVE_COMPILATION_CONDITIONS = DEBUG;
				SWIFT_OPTIMIZATION_LEVEL = "-Onone";
			};
			name = Debug;
		};
		C140073229E2A2E20029C552 /* Release */ = {
			isa = XCBuildConfiguration;
			buildSettings = {
				ALWAYS_SEARCH_USER_PATHS = NO;
				CLANG_ANALYZER_NONNULL = YES;
				CLANG_ANALYZER_NUMBER_OBJECT_CONVERSION = YES_AGGRESSIVE;
				CLANG_CXX_LANGUAGE_STANDARD = "gnu++20";
				CLANG_ENABLE_MODULES = YES;
				CLANG_ENABLE_OBJC_ARC = YES;
				CLANG_ENABLE_OBJC_WEAK = YES;
				CLANG_WARN_BLOCK_CAPTURE_AUTORELEASING = YES;
				CLANG_WARN_BOOL_CONVERSION = YES;
				CLANG_WARN_COMMA = YES;
				CLANG_WARN_CONSTANT_CONVERSION = YES;
				CLANG_WARN_DEPRECATED_OBJC_IMPLEMENTATIONS = YES;
				CLANG_WARN_DIRECT_OBJC_ISA_USAGE = YES_ERROR;
				CLANG_WARN_DOCUMENTATION_COMMENTS = YES;
				CLANG_WARN_EMPTY_BODY = YES;
				CLANG_WARN_ENUM_CONVERSION = YES;
				CLANG_WARN_INFINITE_RECURSION = YES;
				CLANG_WARN_INT_CONVERSION = YES;
				CLANG_WARN_NON_LITERAL_NULL_CONVERSION = YES;
				CLANG_WARN_OBJC_IMPLICIT_RETAIN_SELF = YES;
				CLANG_WARN_OBJC_LITERAL_CONVERSION = YES;
				CLANG_WARN_OBJC_ROOT_CLASS = YES_ERROR;
				CLANG_WARN_QUOTED_INCLUDE_IN_FRAMEWORK_HEADER = YES;
				CLANG_WARN_RANGE_LOOP_ANALYSIS = YES;
				CLANG_WARN_STRICT_PROTOTYPES = YES;
				CLANG_WARN_SUSPICIOUS_MOVE = YES;
				CLANG_WARN_UNGUARDED_AVAILABILITY = YES_AGGRESSIVE;
				CLANG_WARN_UNREACHABLE_CODE = YES;
				CLANG_WARN__DUPLICATE_METHOD_MATCH = YES;
				COPY_PHASE_STRIP = NO;
				DEBUG_INFORMATION_FORMAT = "dwarf-with-dsym";
				ENABLE_NS_ASSERTIONS = NO;
				ENABLE_STRICT_OBJC_MSGSEND = YES;
				GCC_C_LANGUAGE_STANDARD = gnu11;
				GCC_NO_COMMON_BLOCKS = YES;
				GCC_WARN_64_TO_32_BIT_CONVERSION = YES;
				GCC_WARN_ABOUT_RETURN_TYPE = YES_ERROR;
				GCC_WARN_UNDECLARED_SELECTOR = YES;
				GCC_WARN_UNINITIALIZED_AUTOS = YES_AGGRESSIVE;
				GCC_WARN_UNUSED_FUNCTION = YES;
				GCC_WARN_UNUSED_VARIABLE = YES;
				IPHONEOS_DEPLOYMENT_TARGET = 16.4;
				MTL_ENABLE_DEBUG_INFO = NO;
				MTL_FAST_MATH = YES;
				SDKROOT = iphoneos;
				SWIFT_COMPILATION_MODE = wholemodule;
				SWIFT_OPTIMIZATION_LEVEL = "-O";
				VALIDATE_PRODUCT = YES;
			};
			name = Release;
		};
		C140073429E2A2E20029C552 /* Debug */ = {
			isa = XCBuildConfiguration;
			buildSettings = {
				ASSETCATALOG_COMPILER_APPICON_NAME = AppIcon;
				ASSETCATALOG_COMPILER_GLOBAL_ACCENT_COLOR_NAME = AccentColor;
				CODE_SIGN_STYLE = Automatic;
				CURRENT_PROJECT_VERSION = 1;
				DEVELOPMENT_ASSET_PATHS = "\"CryptoApp/Preview Content\"";
				DEVELOPMENT_TEAM = "";
				ENABLE_PREVIEWS = YES;
				GENERATE_INFOPLIST_FILE = YES;
				INFOPLIST_FILE = CryptoApp/Info.plist;
				INFOPLIST_KEY_UIApplicationSceneManifest_Generation = YES;
				INFOPLIST_KEY_UIApplicationSupportsIndirectInputEvents = YES;
				INFOPLIST_KEY_UILaunchScreen_Generation = YES;
				INFOPLIST_KEY_UISupportedInterfaceOrientations_iPad = "UIInterfaceOrientationPortrait UIInterfaceOrientationPortraitUpsideDown UIInterfaceOrientationLandscapeLeft UIInterfaceOrientationLandscapeRight";
				INFOPLIST_KEY_UISupportedInterfaceOrientations_iPhone = "UIInterfaceOrientationPortrait UIInterfaceOrientationLandscapeLeft UIInterfaceOrientationLandscapeRight";
				IPHONEOS_DEPLOYMENT_TARGET = 16.0;
				LD_RUNPATH_SEARCH_PATHS = (
					"$(inherited)",
					"@executable_path/Frameworks",
				);
				MARKETING_VERSION = 1.0;
				PRODUCT_BUNDLE_IDENTIFIER = com.my.CryptoApp;
				PRODUCT_NAME = "$(TARGET_NAME)";
				SWIFT_EMIT_LOC_STRINGS = YES;
				SWIFT_VERSION = 5.0;
				TARGETED_DEVICE_FAMILY = "1,2";
			};
			name = Debug;
		};
		C140073529E2A2E20029C552 /* Release */ = {
			isa = XCBuildConfiguration;
			buildSettings = {
				ASSETCATALOG_COMPILER_APPICON_NAME = AppIcon;
				ASSETCATALOG_COMPILER_GLOBAL_ACCENT_COLOR_NAME = AccentColor;
				CODE_SIGN_STYLE = Automatic;
				CURRENT_PROJECT_VERSION = 1;
				DEVELOPMENT_ASSET_PATHS = "\"CryptoApp/Preview Content\"";
				DEVELOPMENT_TEAM = "";
				ENABLE_PREVIEWS = YES;
				GENERATE_INFOPLIST_FILE = YES;
				INFOPLIST_FILE = CryptoApp/Info.plist;
				INFOPLIST_KEY_UIApplicationSceneManifest_Generation = YES;
				INFOPLIST_KEY_UIApplicationSupportsIndirectInputEvents = YES;
				INFOPLIST_KEY_UILaunchScreen_Generation = YES;
				INFOPLIST_KEY_UISupportedInterfaceOrientations_iPad = "UIInterfaceOrientationPortrait UIInterfaceOrientationPortraitUpsideDown UIInterfaceOrientationLandscapeLeft UIInterfaceOrientationLandscapeRight";
				INFOPLIST_KEY_UISupportedInterfaceOrientations_iPhone = "UIInterfaceOrientationPortrait UIInterfaceOrientationLandscapeLeft UIInterfaceOrientationLandscapeRight";
				IPHONEOS_DEPLOYMENT_TARGET = 16.0;
				LD_RUNPATH_SEARCH_PATHS = (
					"$(inherited)",
					"@executable_path/Frameworks",
				);
				MARKETING_VERSION = 1.0;
				PRODUCT_BUNDLE_IDENTIFIER = com.my.CryptoApp;
				PRODUCT_NAME = "$(TARGET_NAME)";
				SWIFT_EMIT_LOC_STRINGS = YES;
				SWIFT_VERSION = 5.0;
				TARGETED_DEVICE_FAMILY = "1,2";
			};
			name = Release;
		};
/* End XCBuildConfiguration section */

/* Begin XCConfigurationList section */
		C140072029E2A2E00029C552 /* Build configuration list for PBXProject "CryptoApp" */ = {
			isa = XCConfigurationList;
			buildConfigurations = (
				C140073129E2A2E20029C552 /* Debug */,
				C140073229E2A2E20029C552 /* Release */,
			);
			defaultConfigurationIsVisible = 0;
			defaultConfigurationName = Release;
		};
		C140073329E2A2E20029C552 /* Build configuration list for PBXNativeTarget "CryptoApp" */ = {
			isa = XCConfigurationList;
			buildConfigurations = (
				C140073429E2A2E20029C552 /* Debug */,
				C140073529E2A2E20029C552 /* Release */,
			);
			defaultConfigurationIsVisible = 0;
			defaultConfigurationName = Release;
		};
/* End XCConfigurationList section */
	};
	rootObject = C140071D29E2A2E00029C552 /* Project object */;
}
